// !$*UTF8*$!
{
	archiveVersion = 1;
	classes = {
	};
	objectVersion = 55;
	objects = {

/* Begin PBXBuildFile section */
		CB2780D9274FCA63002B30DB /* ScoreDetailVM.swift in Sources */ = {isa = PBXBuildFile; fileRef = CB2780D8274FCA63002B30DB /* ScoreDetailVM.swift */; };
		CB2780DB274FCF17002B30DB /* TabScreenView.swift in Sources */ = {isa = PBXBuildFile; fileRef = CB2780DA274FCF17002B30DB /* TabScreenView.swift */; };
		CB2780DD274FCF2D002B30DB /* FavoritesView.swift in Sources */ = {isa = PBXBuildFile; fileRef = CB2780DC274FCF2D002B30DB /* FavoritesView.swift */; };
		CB4843BC275E314800C82004 /* ActivityView.swift in Sources */ = {isa = PBXBuildFile; fileRef = CB4843BB275E314800C82004 /* ActivityView.swift */; };
		CB4843BE275E35ED00C82004 /* PHPickerView.swift in Sources */ = {isa = PBXBuildFile; fileRef = CB4843BD275E35ED00C82004 /* PHPickerView.swift */; };
		CBA2764F275FAB3C00E459B9 /* FavouriteRowView.swift in Sources */ = {isa = PBXBuildFile; fileRef = CBA2764E275FAB3C00E459B9 /* FavouriteRowView.swift */; };
		CBA27651275FAB9000E459B9 /* RowVM.swift in Sources */ = {isa = PBXBuildFile; fileRef = CBA27650275FAB9000E459B9 /* RowVM.swift */; };
		CBA60666274A592B00545E80 /* MiScoresAppApp.swift in Sources */ = {isa = PBXBuildFile; fileRef = CBA60665274A592B00545E80 /* MiScoresAppApp.swift */; };
		CBA60668274A592B00545E80 /* ContentView.swift in Sources */ = {isa = PBXBuildFile; fileRef = CBA60667274A592B00545E80 /* ContentView.swift */; };
		CBA6066A274A592D00545E80 /* Assets.xcassets in Resources */ = {isa = PBXBuildFile; fileRef = CBA60669274A592D00545E80 /* Assets.xcassets */; };
		CBA6066D274A592D00545E80 /* Preview Assets.xcassets in Resources */ = {isa = PBXBuildFile; fileRef = CBA6066C274A592D00545E80 /* Preview Assets.xcassets */; };
		CBA60674274A594E00545E80 /* scoresdata.json in Resources */ = {isa = PBXBuildFile; fileRef = CBA60673274A594E00545E80 /* scoresdata.json */; };
		CBA60677274A59C500545E80 /* Model.swift in Sources */ = {isa = PBXBuildFile; fileRef = CBA60676274A59C500545E80 /* Model.swift */; };
		CBA6067A274A5D4F00545E80 /* ScoresVM.swift in Sources */ = {isa = PBXBuildFile; fileRef = CBA60679274A5D4F00545E80 /* ScoresVM.swift */; };
		CBA6067D274A61CA00545E80 /* AddScoreView.swift in Sources */ = {isa = PBXBuildFile; fileRef = CBA6067C274A61CA00545E80 /* AddScoreView.swift */; };
		CBA6067F274A63E200545E80 /* ScoreDetailView.swift in Sources */ = {isa = PBXBuildFile; fileRef = CBA6067E274A63E200545E80 /* ScoreDetailView.swift */; };
		CBA60681274A693F00545E80 /* ScoreRowView.swift in Sources */ = {isa = PBXBuildFile; fileRef = CBA60680274A693F00545E80 /* ScoreRowView.swift */; };
		CBA60683274A6A0100545E80 /* Extension.swift in Sources */ = {isa = PBXBuildFile; fileRef = CBA60682274A6A0100545E80 /* Extension.swift */; };
/* End PBXBuildFile section */

/* Begin PBXFileReference section */
		CB2780D8274FCA63002B30DB /* ScoreDetailVM.swift */ = {isa = PBXFileReference; lastKnownFileType = sourcecode.swift; path = ScoreDetailVM.swift; sourceTree = "<group>"; };
		CB2780DA274FCF17002B30DB /* TabScreenView.swift */ = {isa = PBXFileReference; lastKnownFileType = sourcecode.swift; path = TabScreenView.swift; sourceTree = "<group>"; };
		CB2780DC274FCF2D002B30DB /* FavoritesView.swift */ = {isa = PBXFileReference; lastKnownFileType = sourcecode.swift; path = FavoritesView.swift; sourceTree = "<group>"; };
		CB4843BB275E314800C82004 /* ActivityView.swift */ = {isa = PBXFileReference; lastKnownFileType = sourcecode.swift; path = ActivityView.swift; sourceTree = "<group>"; };
		CB4843BD275E35ED00C82004 /* PHPickerView.swift */ = {isa = PBXFileReference; lastKnownFileType = sourcecode.swift; path = PHPickerView.swift; sourceTree = "<group>"; };
		CBA2764E275FAB3C00E459B9 /* FavouriteRowView.swift */ = {isa = PBXFileReference; lastKnownFileType = sourcecode.swift; path = FavouriteRowView.swift; sourceTree = "<group>"; };
		CBA27650275FAB9000E459B9 /* RowVM.swift */ = {isa = PBXFileReference; lastKnownFileType = sourcecode.swift; path = RowVM.swift; sourceTree = "<group>"; };
		CBA60662274A592B00545E80 /* MiScoresApp.app */ = {isa = PBXFileReference; explicitFileType = wrapper.application; includeInIndex = 0; path = MiScoresApp.app; sourceTree = BUILT_PRODUCTS_DIR; };
		CBA60665274A592B00545E80 /* MiScoresAppApp.swift */ = {isa = PBXFileReference; lastKnownFileType = sourcecode.swift; path = MiScoresAppApp.swift; sourceTree = "<group>"; };
		CBA60667274A592B00545E80 /* ContentView.swift */ = {isa = PBXFileReference; lastKnownFileType = sourcecode.swift; path = ContentView.swift; sourceTree = "<group>"; };
		CBA60669274A592D00545E80 /* Assets.xcassets */ = {isa = PBXFileReference; lastKnownFileType = folder.assetcatalog; path = Assets.xcassets; sourceTree = "<group>"; };
		CBA6066C274A592D00545E80 /* Preview Assets.xcassets */ = {isa = PBXFileReference; lastKnownFileType = folder.assetcatalog; path = "Preview Assets.xcassets"; sourceTree = "<group>"; };
		CBA60673274A594E00545E80 /* scoresdata.json */ = {isa = PBXFileReference; fileEncoding = 4; lastKnownFileType = text.json; path = scoresdata.json; sourceTree = "<group>"; };
		CBA60676274A59C500545E80 /* Model.swift */ = {isa = PBXFileReference; lastKnownFileType = sourcecode.swift; path = Model.swift; sourceTree = "<group>"; };
		CBA60679274A5D4F00545E80 /* ScoresVM.swift */ = {isa = PBXFileReference; lastKnownFileType = sourcecode.swift; path = ScoresVM.swift; sourceTree = "<group>"; };
		CBA6067C274A61CA00545E80 /* AddScoreView.swift */ = {isa = PBXFileReference; lastKnownFileType = sourcecode.swift; path = AddScoreView.swift; sourceTree = "<group>"; };
		CBA6067E274A63E200545E80 /* ScoreDetailView.swift */ = {isa = PBXFileReference; lastKnownFileType = sourcecode.swift; path = ScoreDetailView.swift; sourceTree = "<group>"; };
		CBA60680274A693F00545E80 /* ScoreRowView.swift */ = {isa = PBXFileReference; lastKnownFileType = sourcecode.swift; path = ScoreRowView.swift; sourceTree = "<group>"; };
		CBA60682274A6A0100545E80 /* Extension.swift */ = {isa = PBXFileReference; lastKnownFileType = sourcecode.swift; path = Extension.swift; sourceTree = "<group>"; };
/* End PBXFileReference section */

/* Begin PBXFrameworksBuildPhase section */
		CBA6065F274A592B00545E80 /* Frameworks */ = {
			isa = PBXFrameworksBuildPhase;
			buildActionMask = 2147483647;
			files = (
			);
			runOnlyForDeploymentPostprocessing = 0;
		};
/* End PBXFrameworksBuildPhase section */

/* Begin PBXGroup section */
		CBA60659274A592B00545E80 = {
			isa = PBXGroup;
			children = (
				CBA60664274A592B00545E80 /* MiScoresApp */,
				CBA60663274A592B00545E80 /* Products */,
			);
			sourceTree = "<group>";
		};
		CBA60663274A592B00545E80 /* Products */ = {
			isa = PBXGroup;
			children = (
				CBA60662274A592B00545E80 /* MiScoresApp.app */,
			);
			name = Products;
			sourceTree = "<group>";
		};
		CBA60664274A592B00545E80 /* MiScoresApp */ = {
			isa = PBXGroup;
			children = (
				CBA6067B274A61BD00545E80 /* View */,
				CBA60678274A5D3E00545E80 /* ViewModel */,
				CBA60675274A59B300545E80 /* Model */,
				CBA60665274A592B00545E80 /* MiScoresAppApp.swift */,
				CBA60667274A592B00545E80 /* ContentView.swift */,
				CBA60669274A592D00545E80 /* Assets.xcassets */,
				CBA60673274A594E00545E80 /* scoresdata.json */,
				CBA6066B274A592D00545E80 /* Preview Content */,
				CBA60682274A6A0100545E80 /* Extension.swift */,
			);
			path = MiScoresApp;
			sourceTree = "<group>";
		};
		CBA6066B274A592D00545E80 /* Preview Content */ = {
			isa = PBXGroup;
			children = (
				CBA6066C274A592D00545E80 /* Preview Assets.xcassets */,
			);
			path = "Preview Content";
			sourceTree = "<group>";
		};
		CBA60675274A59B300545E80 /* Model */ = {
			isa = PBXGroup;
			children = (
				CBA60676274A59C500545E80 /* Model.swift */,
			);
			path = Model;
			sourceTree = "<group>";
		};
		CBA60678274A5D3E00545E80 /* ViewModel */ = {
			isa = PBXGroup;
			children = (
				CBA60679274A5D4F00545E80 /* ScoresVM.swift */,
				CB2780D8274FCA63002B30DB /* ScoreDetailVM.swift */,
				CBA27650275FAB9000E459B9 /* RowVM.swift */,
			);
			path = ViewModel;
			sourceTree = "<group>";
		};
		CBA6067B274A61BD00545E80 /* View */ = {
			isa = PBXGroup;
			children = (
				CBA6067C274A61CA00545E80 /* AddScoreView.swift */,
				CBA6067E274A63E200545E80 /* ScoreDetailView.swift */,
				CBA60680274A693F00545E80 /* ScoreRowView.swift */,
				CB2780DA274FCF17002B30DB /* TabScreenView.swift */,
				CB2780DC274FCF2D002B30DB /* FavoritesView.swift */,
				CB4843BB275E314800C82004 /* ActivityView.swift */,
				CB4843BD275E35ED00C82004 /* PHPickerView.swift */,
				CBA2764E275FAB3C00E459B9 /* FavouriteRowView.swift */,
			);
			path = View;
			sourceTree = "<group>";
		};
/* End PBXGroup section */

/* Begin PBXNativeTarget section */
		CBA60661274A592B00545E80 /* MiScoresApp */ = {
			isa = PBXNativeTarget;
			buildConfigurationList = CBA60670274A592D00545E80 /* Build configuration list for PBXNativeTarget "MiScoresApp" */;
			buildPhases = (
				CBA6065E274A592B00545E80 /* Sources */,
				CBA6065F274A592B00545E80 /* Frameworks */,
				CBA60660274A592B00545E80 /* Resources */,
			);
			buildRules = (
			);
			dependencies = (
			);
			name = MiScoresApp;
			productName = MiScoresApp;
			productReference = CBA60662274A592B00545E80 /* MiScoresApp.app */;
			productType = "com.apple.product-type.application";
		};
/* End PBXNativeTarget section */

/* Begin PBXProject section */
		CBA6065A274A592B00545E80 /* Project object */ = {
			isa = PBXProject;
			attributes = {
				BuildIndependentTargetsInParallel = 1;
				LastSwiftUpdateCheck = 1310;
				LastUpgradeCheck = 1310;
				TargetAttributes = {
					CBA60661274A592B00545E80 = {
						CreatedOnToolsVersion = 13.1;
					};
				};
			};
			buildConfigurationList = CBA6065D274A592B00545E80 /* Build configuration list for PBXProject "MiScoresApp" */;
			compatibilityVersion = "Xcode 13.0";
			developmentRegion = en;
			hasScannedForEncodings = 0;
			knownRegions = (
				en,
				Base,
			);
			mainGroup = CBA60659274A592B00545E80;
			productRefGroup = CBA60663274A592B00545E80 /* Products */;
			projectDirPath = "";
			projectRoot = "";
			targets = (
				CBA60661274A592B00545E80 /* MiScoresApp */,
			);
		};
/* End PBXProject section */

/* Begin PBXResourcesBuildPhase section */
		CBA60660274A592B00545E80 /* Resources */ = {
			isa = PBXResourcesBuildPhase;
			buildActionMask = 2147483647;
			files = (
				CBA6066D274A592D00545E80 /* Preview Assets.xcassets in Resources */,
				CBA60674274A594E00545E80 /* scoresdata.json in Resources */,
				CBA6066A274A592D00545E80 /* Assets.xcassets in Resources */,
			);
			runOnlyForDeploymentPostprocessing = 0;
		};
/* End PBXResourcesBuildPhase section */

/* Begin PBXSourcesBuildPhase section */
		CBA6065E274A592B00545E80 /* Sources */ = {
			isa = PBXSourcesBuildPhase;
			buildActionMask = 2147483647;
			files = (
				CB2780DD274FCF2D002B30DB /* FavoritesView.swift in Sources */,
				CBA2764F275FAB3C00E459B9 /* FavouriteRowView.swift in Sources */,
				CBA60681274A693F00545E80 /* ScoreRowView.swift in Sources */,
				CBA6067D274A61CA00545E80 /* AddScoreView.swift in Sources */,
				CBA60677274A59C500545E80 /* Model.swift in Sources */,
				CBA6067F274A63E200545E80 /* ScoreDetailView.swift in Sources */,
				CB4843BE275E35ED00C82004 /* PHPickerView.swift in Sources */,
				CB4843BC275E314800C82004 /* ActivityView.swift in Sources */,
				CBA27651275FAB9000E459B9 /* RowVM.swift in Sources */,
				CBA60668274A592B00545E80 /* ContentView.swift in Sources */,
				CBA60666274A592B00545E80 /* MiScoresAppApp.swift in Sources */,
				CB2780D9274FCA63002B30DB /* ScoreDetailVM.swift in Sources */,
				CBA6067A274A5D4F00545E80 /* ScoresVM.swift in Sources */,
				CB2780DB274FCF17002B30DB /* TabScreenView.swift in Sources */,
				CBA60683274A6A0100545E80 /* Extension.swift in Sources */,
			);
			runOnlyForDeploymentPostprocessing = 0;
		};
/* End PBXSourcesBuildPhase section */

/* Begin XCBuildConfiguration section */
		CBA6066E274A592D00545E80 /* Debug */ = {
			isa = XCBuildConfiguration;
			buildSettings = {
				ALWAYS_SEARCH_USER_PATHS = NO;
				CLANG_ANALYZER_NONNULL = YES;
				CLANG_ANALYZER_NUMBER_OBJECT_CONVERSION = YES_AGGRESSIVE;
				CLANG_CXX_LANGUAGE_STANDARD = "gnu++17";
				CLANG_CXX_LIBRARY = "libc++";
				CLANG_ENABLE_MODULES = YES;
				CLANG_ENABLE_OBJC_ARC = YES;
				CLANG_ENABLE_OBJC_WEAK = YES;
				CLANG_WARN_BLOCK_CAPTURE_AUTORELEASING = YES;
				CLANG_WARN_BOOL_CONVERSION = YES;
				CLANG_WARN_COMMA = YES;
				CLANG_WARN_CONSTANT_CONVERSION = YES;
				CLANG_WARN_DEPRECATED_OBJC_IMPLEMENTATIONS = YES;
				CLANG_WARN_DIRECT_OBJC_ISA_USAGE = YES_ERROR;
				CLANG_WARN_DOCUMENTATION_COMMENTS = YES;
				CLANG_WARN_EMPTY_BODY = YES;
				CLANG_WARN_ENUM_CONVERSION = YES;
				CLANG_WARN_INFINITE_RECURSION = YES;
				CLANG_WARN_INT_CONVERSION = YES;
				CLANG_WARN_NON_LITERAL_NULL_CONVERSION = YES;
				CLANG_WARN_OBJC_IMPLICIT_RETAIN_SELF = YES;
				CLANG_WARN_OBJC_LITERAL_CONVERSION = YES;
				CLANG_WARN_OBJC_ROOT_CLASS = YES_ERROR;
				CLANG_WARN_QUOTED_INCLUDE_IN_FRAMEWORK_HEADER = YES;
				CLANG_WARN_RANGE_LOOP_ANALYSIS = YES;
				CLANG_WARN_STRICT_PROTOTYPES = YES;
				CLANG_WARN_SUSPICIOUS_MOVE = YES;
				CLANG_WARN_UNGUARDED_AVAILABILITY = YES_AGGRESSIVE;
				CLANG_WARN_UNREACHABLE_CODE = YES;
				CLANG_WARN__DUPLICATE_METHOD_MATCH = YES;
				COPY_PHASE_STRIP = NO;
				DEBUG_INFORMATION_FORMAT = dwarf;
				ENABLE_STRICT_OBJC_MSGSEND = YES;
				ENABLE_TESTABILITY = YES;
				GCC_C_LANGUAGE_STANDARD = gnu11;
				GCC_DYNAMIC_NO_PIC = NO;
				GCC_NO_COMMON_BLOCKS = YES;
				GCC_OPTIMIZATION_LEVEL = 0;
				GCC_PREPROCESSOR_DEFINITIONS = (
					"DEBUG=1",
					"$(inherited)",
				);
				GCC_WARN_64_TO_32_BIT_CONVERSION = YES;
				GCC_WARN_ABOUT_RETURN_TYPE = YES_ERROR;
				GCC_WARN_UNDECLARED_SELECTOR = YES;
				GCC_WARN_UNINITIALIZED_AUTOS = YES_AGGRESSIVE;
				GCC_WARN_UNUSED_FUNCTION = YES;
				GCC_WARN_UNUSED_VARIABLE = YES;
				IPHONEOS_DEPLOYMENT_TARGET = 15.0;
				MTL_ENABLE_DEBUG_INFO = INCLUDE_SOURCE;
				MTL_FAST_MATH = YES;
				ONLY_ACTIVE_ARCH = YES;
				SDKROOT = iphoneos;
				SWIFT_ACTIVE_COMPILATION_CONDITIONS = DEBUG;
				SWIFT_OPTIMIZATION_LEVEL = "-Onone";
			};
			name = Debug;
		};
		CBA6066F274A592D00545E80 /* Release */ = {
			isa = XCBuildConfiguration;
			buildSettings = {
				ALWAYS_SEARCH_USER_PATHS = NO;
				CLANG_ANALYZER_NONNULL = YES;
				CLANG_ANALYZER_NUMBER_OBJECT_CONVERSION = YES_AGGRESSIVE;
				CLANG_CXX_LANGUAGE_STANDARD = "gnu++17";
				CLANG_CXX_LIBRARY = "libc++";
				CLANG_ENABLE_MODULES = YES;
				CLANG_ENABLE_OBJC_ARC = YES;
				CLANG_ENABLE_OBJC_WEAK = YES;
				CLANG_WARN_BLOCK_CAPTURE_AUTORELEASING = YES;
				CLANG_WARN_BOOL_CONVERSION = YES;
				CLANG_WARN_COMMA = YES;
				CLANG_WARN_CONSTANT_CONVERSION = YES;
				CLANG_WARN_DEPRECATED_OBJC_IMPLEMENTATIONS = YES;
				CLANG_WARN_DIRECT_OBJC_ISA_USAGE = YES_ERROR;
				CLANG_WARN_DOCUMENTATION_COMMENTS = YES;
				CLANG_WARN_EMPTY_BODY = YES;
				CLANG_WARN_ENUM_CONVERSION = YES;
				CLANG_WARN_INFINITE_RECURSION = YES;
				CLANG_WARN_INT_CONVERSION = YES;
				CLANG_WARN_NON_LITERAL_NULL_CONVERSION = YES;
				CLANG_WARN_OBJC_IMPLICIT_RETAIN_SELF = YES;
				CLANG_WARN_OBJC_LITERAL_CONVERSION = YES;
				CLANG_WARN_OBJC_ROOT_CLASS = YES_ERROR;
				CLANG_WARN_QUOTED_INCLUDE_IN_FRAMEWORK_HEADER = YES;
				CLANG_WARN_RANGE_LOOP_ANALYSIS = YES;
				CLANG_WARN_STRICT_PROTOTYPES = YES;
				CLANG_WARN_SUSPICIOUS_MOVE = YES;
				CLANG_WARN_UNGUARDED_AVAILABILITY = YES_AGGRESSIVE;
				CLANG_WARN_UNREACHABLE_CODE = YES;
				CLANG_WARN__DUPLICATE_METHOD_MATCH = YES;
				COPY_PHASE_STRIP = NO;
				DEBUG_INFORMATION_FORMAT = "dwarf-with-dsym";
				ENABLE_NS_ASSERTIONS = NO;
				ENABLE_STRICT_OBJC_MSGSEND = YES;
				GCC_C_LANGUAGE_STANDARD = gnu11;
				GCC_NO_COMMON_BLOCKS = YES;
				GCC_WARN_64_TO_32_BIT_CONVERSION = YES;
				GCC_WARN_ABOUT_RETURN_TYPE = YES_ERROR;
				GCC_WARN_UNDECLARED_SELECTOR = YES;
				GCC_WARN_UNINITIALIZED_AUTOS = YES_AGGRESSIVE;
				GCC_WARN_UNUSED_FUNCTION = YES;
				GCC_WARN_UNUSED_VARIABLE = YES;
				IPHONEOS_DEPLOYMENT_TARGET = 15.0;
				MTL_ENABLE_DEBUG_INFO = NO;
				MTL_FAST_MATH = YES;
				SDKROOT = iphoneos;
				SWIFT_COMPILATION_MODE = wholemodule;
				SWIFT_OPTIMIZATION_LEVEL = "-O";
				VALIDATE_PRODUCT = YES;
			};
			name = Release;
		};
		CBA60671274A592D00545E80 /* Debug */ = {
			isa = XCBuildConfiguration;
			buildSettings = {
				ASSETCATALOG_COMPILER_APPICON_NAME = AppIcon;
				ASSETCATALOG_COMPILER_GLOBAL_ACCENT_COLOR_NAME = AccentColor;
				CODE_SIGN_STYLE = Automatic;
				CURRENT_PROJECT_VERSION = 1;
				DEVELOPMENT_ASSET_PATHS = "\"MiScoresApp/Preview Content\"";
				DEVELOPMENT_TEAM = 5Q3AH9TS7A;
				ENABLE_PREVIEWS = YES;
				GENERATE_INFOPLIST_FILE = YES;
				INFOPLIST_KEY_NSPhotoLibraryAddUsageDescription = "We will add covers to your photo library";
				INFOPLIST_KEY_UIApplicationSceneManifest_Generation = YES;
				INFOPLIST_KEY_UIApplicationSupportsIndirectInputEvents = YES;
				INFOPLIST_KEY_UILaunchScreen_Generation = YES;
				INFOPLIST_KEY_UISupportedInterfaceOrientations_iPad = "UIInterfaceOrientationPortrait UIInterfaceOrientationPortraitUpsideDown UIInterfaceOrientationLandscapeLeft UIInterfaceOrientationLandscapeRight";
				INFOPLIST_KEY_UISupportedInterfaceOrientations_iPhone = "UIInterfaceOrientationPortrait UIInterfaceOrientationLandscapeLeft UIInterfaceOrientationLandscapeRight";
				LD_RUNPATH_SEARCH_PATHS = (
					"$(inherited)",
					"@executable_path/Frameworks",
				);
				MARKETING_VERSION = 1.0;
				PRODUCT_BUNDLE_IDENTIFIER = com.eml.MiScoresApp;
				PRODUCT_NAME = "$(TARGET_NAME)";
				SWIFT_EMIT_LOC_STRINGS = YES;
				SWIFT_VERSION = 5.0;
				TARGETED_DEVICE_FAMILY = "1,2";
			};
			name = Debug;
		};
		CBA60672274A592D00545E80 /* Release */ = {
			isa = XCBuildConfiguration;
			buildSettings = {
				ASSETCATALOG_COMPILER_APPICON_NAME = AppIcon;
				ASSETCATALOG_COMPILER_GLOBAL_ACCENT_COLOR_NAME = AccentColor;
				CODE_SIGN_STYLE = Automatic;
				CURRENT_PROJECT_VERSION = 1;
				DEVELOPMENT_ASSET_PATHS = "\"MiScoresApp/Preview Content\"";
				DEVELOPMENT_TEAM = 5Q3AH9TS7A;
				ENABLE_PREVIEWS = YES;
				GENERATE_INFOPLIST_FILE = YES;
				INFOPLIST_KEY_NSPhotoLibraryAddUsageDescription = "We will add covers to your photo library";
				INFOPLIST_KEY_UIApplicationSceneManifest_Generation = YES;
				INFOPLIST_KEY_UIApplicationSupportsIndirectInputEvents = YES;
				INFOPLIST_KEY_UILaunchScreen_Generation = YES;
				INFOPLIST_KEY_UISupportedInterfaceOrientations_iPad = "UIInterfaceOrientationPortrait UIInterfaceOrientationPortraitUpsideDown UIInterfaceOrientationLandscapeLeft UIInterfaceOrientationLandscapeRight";
				INFOPLIST_KEY_UISupportedInterfaceOrientations_iPhone = "UIInterfaceOrientationPortrait UIInterfaceOrientationLandscapeLeft UIInterfaceOrientationLandscapeRight";
				LD_RUNPATH_SEARCH_PATHS = (
					"$(inherited)",
					"@executable_path/Frameworks",
				);
				MARKETING_VERSION = 1.0;
				PRODUCT_BUNDLE_IDENTIFIER = com.eml.MiScoresApp;
				PRODUCT_NAME = "$(TARGET_NAME)";
				SWIFT_EMIT_LOC_STRINGS = YES;
				SWIFT_VERSION = 5.0;
				TARGETED_DEVICE_FAMILY = "1,2";
			};
			name = Release;
		};
/* End XCBuildConfiguration section */

/* Begin XCConfigurationList section */
		CBA6065D274A592B00545E80 /* Build configuration list for PBXProject "MiScoresApp" */ = {
			isa = XCConfigurationList;
			buildConfigurations = (
				CBA6066E274A592D00545E80 /* Debug */,
				CBA6066F274A592D00545E80 /* Release */,
			);
			defaultConfigurationIsVisible = 0;
			defaultConfigurationName = Release;
		};
		CBA60670274A592D00545E80 /* Build configuration list for PBXNativeTarget "MiScoresApp" */ = {
			isa = XCConfigurationList;
			buildConfigurations = (
				CBA60671274A592D00545E80 /* Debug */,
				CBA60672274A592D00545E80 /* Release */,
			);
			defaultConfigurationIsVisible = 0;
			defaultConfigurationName = Release;
		};
/* End XCConfigurationList section */
	};
	rootObject = CBA6065A274A592B00545E80 /* Project object */;
}
